
Microsoft Visual Studio Solution File, Format Version 12.00
# Visual Studio Express 2013 for Windows Desktop
VisualStudioVersion = 12.0.30110.0
MinimumVisualStudioVersion = 10.0.40219.1
Project("{FAE04EC0-301F-11D3-BF4B-00C04F79EFBC}") = "VmstatAnalyzer", "VmstatAnalyzer\VmstatAnalyzer.csproj", "{8E8C0C60-20F6-4795-8BF7-8B3C5C52DD7D}"
EndProject
Project("{FAE04EC0-301F-11D3-BF4B-00C04F79EFBC}") = "VmstatAnalyzerTest", "VmstatAnalyzerTest\VmstatAnalyzerTest.csproj", "{016ED292-E0FE-43FC-8E4F-17E1AA59F355}"
EndProject
Global
	GlobalSection(SolutionConfigurationPlatforms) = preSolution
		Debug|Any CPU = Debug|Any CPU
		Release|Any CPU = Release|Any CPU
	EndGlobalSection
	GlobalSection(ProjectConfigurationPlatforms) = postSolution
		{8E8C0C60-20F6-4795-8BF7-8B3C5C52DD7D}.Debug|Any CPU.ActiveCfg = Debug|Any CPU
		{8E8C0C60-20F6-4795-8BF7-8B3C5C52DD7D}.Debug|Any CPU.Build.0 = Debug|Any CPU
		{8E8C0C60-20F6-4795-8BF7-8B3C5C52DD7D}.Release|Any CPU.ActiveCfg = Release|Any CPU
		{8E8C0C60-20F6-4795-8BF7-8B3C5C52DD7D}.Release|Any CPU.Build.0 = Release|Any CPU
		{016ED292-E0FE-43FC-8E4F-17E1AA59F355}.Debug|Any CPU.ActiveCfg = Debug|Any CPU
		{016ED292-E0FE-43FC-8E4F-17E1AA59F355}.Debug|Any CPU.Build.0 = Debug|Any CPU
		{016ED292-E0FE-43FC-8E4F-17E1AA59F355}.Release|Any CPU.ActiveCfg = Release|Any CPU
		{016ED292-E0FE-43FC-8E4F-17E1AA59F355}.Release|Any CPU.Build.0 = Release|Any CPU
	EndGlobalSection
	GlobalSection(SolutionProperties) = preSolution
		HideSolutionNode = FALSE
	EndGlobalSection
EndGlobal
